{
  "requires": true,
  "lockfileVersion": 1,
  "dependencies": {
    "actualizar": {
      "version": "1.0.0",
      "resolved": "https://registry.npmjs.org/actualizar/-/actualizar-1.0.0.tgz",
      "integrity": "sha512-0HEgtXGQHx3v7txBgMHEv15XqTPZHCHaIdZhPXc35yQu94FYlhwCp+VnWtwaCVzR8hz3iFyhq1sdD+hp51g2oQ=="
    }
  }
}
